
Microsoft Visual Studio Solution File, Format Version 12.00
# Visual Studio Version 16
VisualStudioVersion = 16.0.30330.147
MinimumVisualStudioVersion = 10.0.40219.1
Project("{FAE04EC0-301F-11D3-BF4B-00C04F79EFBC}") = "Class2", "Class2.csproj", "{CA7C15EF-D8A0-4253-B299-35E419EB8D60}"
EndProject
Global
	GlobalSection(SolutionConfigurationPlatforms) = preSolution
		Debug|Any CPU = Debug|Any CPU
		Release|Any CPU = Release|Any CPU
	EndGlobalSection
	GlobalSection(ProjectConfigurationPlatforms) = postSolution
		{CA7C15EF-D8A0-4253-B299-35E419EB8D60}.Debug|Any CPU.ActiveCfg = Debug|Any CPU
		{CA7C15EF-D8A0-4253-B299-35E419EB8D60}.Debug|Any CPU.Build.0 = Debug|Any CPU
		{CA7C15EF-D8A0-4253-B299-35E419EB8D60}.Release|Any CPU.ActiveCfg = Release|Any CPU
		{CA7C15EF-D8A0-4253-B299-35E419EB8D60}.Release|Any CPU.Build.0 = Release|Any CPU
	EndGlobalSection
	GlobalSection(SolutionProperties) = preSolution
		HideSolutionNode = FALSE
	EndGlobalSection
	GlobalSection(ExtensibilityGlobals) = postSolution
		SolutionGuid = {C22EE1C9-AAAF-4F1D-9AA1-E23EFDEFC693}
	EndGlobalSection
EndGlobal
