
Microsoft Visual Studio Solution File, Format Version 12.00
# Visual Studio Version 16
VisualStudioVersion = 16.0.30330.147
MinimumVisualStudioVersion = 10.0.40219.1
Project("{FAE04EC0-301F-11D3-BF4B-00C04F79EFBC}") = "Generic 1", "Generic 1.csproj", "{6A6DD166-FC8E-42E7-9A77-CC1C114C6E42}"
EndProject
Global
	GlobalSection(SolutionConfigurationPlatforms) = preSolution
		Debug|Any CPU = Debug|Any CPU
		Release|Any CPU = Release|Any CPU
	EndGlobalSection
	GlobalSection(ProjectConfigurationPlatforms) = postSolution
		{6A6DD166-FC8E-42E7-9A77-CC1C114C6E42}.Debug|Any CPU.ActiveCfg = Debug|Any CPU
		{6A6DD166-FC8E-42E7-9A77-CC1C114C6E42}.Debug|Any CPU.Build.0 = Debug|Any CPU
		{6A6DD166-FC8E-42E7-9A77-CC1C114C6E42}.Release|Any CPU.ActiveCfg = Release|Any CPU
		{6A6DD166-FC8E-42E7-9A77-CC1C114C6E42}.Release|Any CPU.Build.0 = Release|Any CPU
	EndGlobalSection
	GlobalSection(SolutionProperties) = preSolution
		HideSolutionNode = FALSE
	EndGlobalSection
	GlobalSection(ExtensibilityGlobals) = postSolution
		SolutionGuid = {EEABA3E3-8351-425D-9292-7F326FEB4793}
	EndGlobalSection
EndGlobal
